// !$*UTF8*$!
{
	archiveVersion = 1;
	classes = {
	};
	objectVersion = 77;
	objects = {

/* Begin PBXContainerItemProxy section */
		B085EAE02D74F89800FB3379 /* PBXContainerItemProxy */ = {
			isa = PBXContainerItemProxy;
			containerPortal = B085EAC72D74F89700FB3379 /* Project object */;
			proxyType = 1;
			remoteGlobalIDString = B085EACE2D74F89700FB3379;
			remoteInfo = ItsFine;
		};
		B085EAEA2D74F89800FB3379 /* PBXContainerItemProxy */ = {
			isa = PBXContainerItemProxy;
			containerPortal = B085EAC72D74F89700FB3379 /* Project object */;
			proxyType = 1;
			remoteGlobalIDString = B085EACE2D74F89700FB3379;
			remoteInfo = ItsFine;
		};
/* End PBXContainerItemProxy section */

/* Begin PBXFileReference section */
		B085EACF2D74F89700FB3379 /* ItsFine.app */ = {isa = PBXFileReference; explicitFileType = wrapper.application; includeInIndex = 0; path = ItsFine.app; sourceTree = BUILT_PRODUCTS_DIR; };
		B085EADF2D74F89800FB3379 /* ItsFineTests.xctest */ = {isa = PBXFileReference; explicitFileType = wrapper.cfbundle; includeInIndex = 0; path = ItsFineTests.xctest; sourceTree = BUILT_PRODUCTS_DIR; };
		B085EAE92D74F89800FB3379 /* ItsFineUITests.xctest */ = {isa = PBXFileReference; explicitFileType = wrapper.cfbundle; includeInIndex = 0; path = ItsFineUITests.xctest; sourceTree = BUILT_PRODUCTS_DIR; };
/* End PBXFileReference section */

/* Begin PBXFileSystemSynchronizedRootGroup section */
		B085EAD12D74F89700FB3379 /* ItsFine */ = {
			isa = PBXFileSystemSynchronizedRootGroup;
			path = ItsFine;
			sourceTree = "<group>";
		};
		B085EAE22D74F89800FB3379 /* ItsFineTests */ = {
			isa = PBXFileSystemSynchronizedRootGroup;
			path = ItsFineTests;
			sourceTree = "<group>";
		};
		B085EAEC2D74F89800FB3379 /* ItsFineUITests */ = {
			isa = PBXFileSystemSynchronizedRootGroup;
			path = ItsFineUITests;
			sourceTree = "<group>";
		};
/* End PBXFileSystemSynchronizedRootGroup section */

/* Begin PBXFrameworksBuildPhase section */
		B085EACC2D74F89700FB3379 /* Frameworks */ = {
			isa = PBXFrameworksBuildPhase;
			buildActionMask = 2147483647;
			files = (
			);
			runOnlyForDeploymentPostprocessing = 0;
		};
		B085EADC2D74F89800FB3379 /* Frameworks */ = {
			isa = PBXFrameworksBuildPhase;
			buildActionMask = 2147483647;
			files = (
			);
			runOnlyForDeploymentPostprocessing = 0;
		};
		B085EAE62D74F89800FB3379 /* Frameworks */ = {
			isa = PBXFrameworksBuildPhase;
			buildActionMask = 2147483647;
			files = (
			);
			runOnlyForDeploymentPostprocessing = 0;
		};
/* End PBXFrameworksBuildPhase section */

/* Begin PBXGroup section */
		B085EAC62D74F89700FB3379 = {
			isa = PBXGroup;
			children = (
				B085EAD12D74F89700FB3379 /* ItsFine */,
				B085EAE22D74F89800FB3379 /* ItsFineTests */,
				B085EAEC2D74F89800FB3379 /* ItsFineUITests */,
				B085EAD02D74F89700FB3379 /* Products */,
			);
			sourceTree = "<group>";
		};
		B085EAD02D74F89700FB3379 /* Products */ = {
			isa = PBXGroup;
			children = (
				B085EACF2D74F89700FB3379 /* ItsFine.app */,
				B085EADF2D74F89800FB3379 /* ItsFineTests.xctest */,
				B085EAE92D74F89800FB3379 /* ItsFineUITests.xctest */,
			);
			name = Products;
			sourceTree = "<group>";
		};
/* End PBXGroup section */

/* Begin PBXNativeTarget section */
		B085EACE2D74F89700FB3379 /* ItsFine */ = {
			isa = PBXNativeTarget;
			buildConfigurationList = B085EAF32D74F89800FB3379 /* Build configuration list for PBXNativeTarget "ItsFine" */;
			buildPhases = (
				B085EACB2D74F89700FB3379 /* Sources */,
				B085EACC2D74F89700FB3379 /* Frameworks */,
				B085EACD2D74F89700FB3379 /* Resources */,
			);
			buildRules = (
			);
			dependencies = (
			);
			fileSystemSynchronizedGroups = (
				B085EAD12D74F89700FB3379 /* ItsFine */,
			);
			name = ItsFine;
			packageProductDependencies = (
			);
			productName = ItsFine;
			productReference = B085EACF2D74F89700FB3379 /* ItsFine.app */;
			productType = "com.apple.product-type.application";
		};
		B085EADE2D74F89800FB3379 /* ItsFineTests */ = {
			isa = PBXNativeTarget;
			buildConfigurationList = B085EAF62D74F89800FB3379 /* Build configuration list for PBXNativeTarget "ItsFineTests" */;
			buildPhases = (
				B085EADB2D74F89800FB3379 /* Sources */,
				B085EADC2D74F89800FB3379 /* Frameworks */,
				B085EADD2D74F89800FB3379 /* Resources */,
			);
			buildRules = (
			);
			dependencies = (
				B085EAE12D74F89800FB3379 /* PBXTargetDependency */,
			);
			fileSystemSynchronizedGroups = (
				B085EAE22D74F89800FB3379 /* ItsFineTests */,
			);
			name = ItsFineTests;
			packageProductDependencies = (
			);
			productName = ItsFineTests;
			productReference = B085EADF2D74F89800FB3379 /* ItsFineTests.xctest */;
			productType = "com.apple.product-type.bundle.unit-test";
		};
		B085EAE82D74F89800FB3379 /* ItsFineUITests */ = {
			isa = PBXNativeTarget;
			buildConfigurationList = B085EAF92D74F89800FB3379 /* Build configuration list for PBXNativeTarget "ItsFineUITests" */;
			buildPhases = (
				B085EAE52D74F89800FB3379 /* Sources */,
				B085EAE62D74F89800FB3379 /* Frameworks */,
				B085EAE72D74F89800FB3379 /* Resources */,
			);
			buildRules = (
			);
			dependencies = (
				B085EAEB2D74F89800FB3379 /* PBXTargetDependency */,
			);
			fileSystemSynchronizedGroups = (
				B085EAEC2D74F89800FB3379 /* ItsFineUITests */,
			);
			name = ItsFineUITests;
			packageProductDependencies = (
			);
			productName = ItsFineUITests;
			productReference = B085EAE92D74F89800FB3379 /* ItsFineUITests.xctest */;
			productType = "com.apple.product-type.bundle.ui-testing";
		};
/* End PBXNativeTarget section */

/* Begin PBXProject section */
		B085EAC72D74F89700FB3379 /* Project object */ = {
			isa = PBXProject;
			attributes = {
				BuildIndependentTargetsInParallel = 1;
				LastSwiftUpdateCheck = 1620;
				LastUpgradeCheck = 1620;
				TargetAttributes = {
					B085EACE2D74F89700FB3379 = {
						CreatedOnToolsVersion = 16.2;
					};
					B085EADE2D74F89800FB3379 = {
						CreatedOnToolsVersion = 16.2;
						TestTargetID = B085EACE2D74F89700FB3379;
					};
					B085EAE82D74F89800FB3379 = {
						CreatedOnToolsVersion = 16.2;
						TestTargetID = B085EACE2D74F89700FB3379;
					};
				};
			};
			buildConfigurationList = B085EACA2D74F89700FB3379 /* Build configuration list for PBXProject "ItsFine" */;
			developmentRegion = en;
			hasScannedForEncodings = 0;
			knownRegions = (
				en,
				Base,
			);
			mainGroup = B085EAC62D74F89700FB3379;
			minimizedProjectReferenceProxies = 1;
			preferredProjectObjectVersion = 77;
			productRefGroup = B085EAD02D74F89700FB3379 /* Products */;
			projectDirPath = "";
			projectRoot = "";
			targets = (
				B085EACE2D74F89700FB3379 /* ItsFine */,
				B085EADE2D74F89800FB3379 /* ItsFineTests */,
				B085EAE82D74F89800FB3379 /* ItsFineUITests */,
			);
		};
/* End PBXProject section */

/* Begin PBXResourcesBuildPhase section */
		B085EACD2D74F89700FB3379 /* Resources */ = {
			isa = PBXResourcesBuildPhase;
			buildActionMask = 2147483647;
			files = (
			);
			runOnlyForDeploymentPostprocessing = 0;
		};
		B085EADD2D74F89800FB3379 /* Resources */ = {
			isa = PBXResourcesBuildPhase;
			buildActionMask = 2147483647;
			files = (
			);
			runOnlyForDeploymentPostprocessing = 0;
		};
		B085EAE72D74F89800FB3379 /* Resources */ = {
			isa = PBXResourcesBuildPhase;
			buildActionMask = 2147483647;
			files = (
			);
			runOnlyForDeploymentPostprocessing = 0;
		};
/* End PBXResourcesBuildPhase section */

/* Begin PBXSourcesBuildPhase section */
		B085EACB2D74F89700FB3379 /* Sources */ = {
			isa = PBXSourcesBuildPhase;
			buildActionMask = 2147483647;
			files = (
			);
			runOnlyForDeploymentPostprocessing = 0;
		};
		B085EADB2D74F89800FB3379 /* Sources */ = {
			isa = PBXSourcesBuildPhase;
			buildActionMask = 2147483647;
			files = (
			);
			runOnlyForDeploymentPostprocessing = 0;
		};
		B085EAE52D74F89800FB3379 /* Sources */ = {
			isa = PBXSourcesBuildPhase;
			buildActionMask = 2147483647;
			files = (
			);
			runOnlyForDeploymentPostprocessing = 0;
		};
/* End PBXSourcesBuildPhase section */

/* Begin PBXTargetDependency section */
		B085EAE12D74F89800FB3379 /* PBXTargetDependency */ = {
			isa = PBXTargetDependency;
			target = B085EACE2D74F89700FB3379 /* ItsFine */;
			targetProxy = B085EAE02D74F89800FB3379 /* PBXContainerItemProxy */;
		};
		B085EAEB2D74F89800FB3379 /* PBXTargetDependency */ = {
			isa = PBXTargetDependency;
			target = B085EACE2D74F89700FB3379 /* ItsFine */;
			targetProxy = B085EAEA2D74F89800FB3379 /* PBXContainerItemProxy */;
		};
/* End PBXTargetDependency section */

/* Begin XCBuildConfiguration section */
		B085EAF12D74F89800FB3379 /* Debug */ = {
			isa = XCBuildConfiguration;
			buildSettings = {
				ALWAYS_SEARCH_USER_PATHS = NO;
				ASSETCATALOG_COMPILER_GENERATE_SWIFT_ASSET_SYMBOL_EXTENSIONS = YES;
				CLANG_ANALYZER_NONNULL = YES;
				CLANG_ANALYZER_NUMBER_OBJECT_CONVERSION = YES_AGGRESSIVE;
				CLANG_CXX_LANGUAGE_STANDARD = "gnu++20";
				CLANG_ENABLE_MODULES = YES;
				CLANG_ENABLE_OBJC_ARC = YES;
				CLANG_ENABLE_OBJC_WEAK = YES;
				CLANG_WARN_BLOCK_CAPTURE_AUTORELEASING = YES;
				CLANG_WARN_BOOL_CONVERSION = YES;
				CLANG_WARN_COMMA = YES;
				CLANG_WARN_CONSTANT_CONVERSION = YES;
				CLANG_WARN_DEPRECATED_OBJC_IMPLEMENTATIONS = YES;
				CLANG_WARN_DIRECT_OBJC_ISA_USAGE = YES_ERROR;
				CLANG_WARN_DOCUMENTATION_COMMENTS = YES;
				CLANG_WARN_EMPTY_BODY = YES;
				CLANG_WARN_ENUM_CONVERSION = YES;
				CLANG_WARN_INFINITE_RECURSION = YES;
				CLANG_WARN_INT_CONVERSION = YES;
				CLANG_WARN_NON_LITERAL_NULL_CONVERSION = YES;
				CLANG_WARN_OBJC_IMPLICIT_RETAIN_SELF = YES;
				CLANG_WARN_OBJC_LITERAL_CONVERSION = YES;
				CLANG_WARN_OBJC_ROOT_CLASS = YES_ERROR;
				CLANG_WARN_QUOTED_INCLUDE_IN_FRAMEWORK_HEADER = YES;
				CLANG_WARN_RANGE_LOOP_ANALYSIS = YES;
				CLANG_WARN_STRICT_PROTOTYPES = YES;
				CLANG_WARN_SUSPICIOUS_MOVE = YES;
				CLANG_WARN_UNGUARDED_AVAILABILITY = YES_AGGRESSIVE;
				CLANG_WARN_UNREACHABLE_CODE = YES;
				CLANG_WARN__DUPLICATE_METHOD_MATCH = YES;
				COPY_PHASE_STRIP = NO;
				DEBUG_INFORMATION_FORMAT = dwarf;
				ENABLE_STRICT_OBJC_MSGSEND = YES;
				ENABLE_TESTABILITY = YES;
				ENABLE_USER_SCRIPT_SANDBOXING = YES;
				GCC_C_LANGUAGE_STANDARD = gnu17;
				GCC_DYNAMIC_NO_PIC = NO;
				GCC_NO_COMMON_BLOCKS = YES;
				GCC_OPTIMIZATION_LEVEL = 0;
				GCC_PREPROCESSOR_DEFINITIONS = (
					"DEBUG=1",
					"$(inherited)",
				);
				GCC_WARN_64_TO_32_BIT_CONVERSION = YES;
				GCC_WARN_ABOUT_RETURN_TYPE = YES_ERROR;
				GCC_WARN_UNDECLARED_SELECTOR = YES;
				GCC_WARN_UNINITIALIZED_AUTOS = YES_AGGRESSIVE;
				GCC_WARN_UNUSED_FUNCTION = YES;
				GCC_WARN_UNUSED_VARIABLE = YES;
				IPHONEOS_DEPLOYMENT_TARGET = 18.2;
				LOCALIZATION_PREFERS_STRING_CATALOGS = YES;
				MTL_ENABLE_DEBUG_INFO = INCLUDE_SOURCE;
				MTL_FAST_MATH = YES;
				ONLY_ACTIVE_ARCH = YES;
				SDKROOT = iphoneos;
				SWIFT_ACTIVE_COMPILATION_CONDITIONS = "DEBUG $(inherited)";
				SWIFT_OPTIMIZATION_LEVEL = "-Onone";
			};
			name = Debug;
		};
		B085EAF22D74F89800FB3379 /* Release */ = {
			isa = XCBuildConfiguration;
			buildSettings = {
				ALWAYS_SEARCH_USER_PATHS = NO;
				ASSETCATALOG_COMPILER_GENERATE_SWIFT_ASSET_SYMBOL_EXTENSIONS = YES;
				CLANG_ANALYZER_NONNULL = YES;
				CLANG_ANALYZER_NUMBER_OBJECT_CONVERSION = YES_AGGRESSIVE;
				CLANG_CXX_LANGUAGE_STANDARD = "gnu++20";
				CLANG_ENABLE_MODULES = YES;
				CLANG_ENABLE_OBJC_ARC = YES;
				CLANG_ENABLE_OBJC_WEAK = YES;
				CLANG_WARN_BLOCK_CAPTURE_AUTORELEASING = YES;
				CLANG_WARN_BOOL_CONVERSION = YES;
				CLANG_WARN_COMMA = YES;
				CLANG_WARN_CONSTANT_CONVERSION = YES;
				CLANG_WARN_DEPRECATED_OBJC_IMPLEMENTATIONS = YES;
				CLANG_WARN_DIRECT_OBJC_ISA_USAGE = YES_ERROR;
				CLANG_WARN_DOCUMENTATION_COMMENTS = YES;
				CLANG_WARN_EMPTY_BODY = YES;
				CLANG_WARN_ENUM_CONVERSION = YES;
				CLANG_WARN_INFINITE_RECURSION = YES;
				CLANG_WARN_INT_CONVERSION = YES;
				CLANG_WARN_NON_LITERAL_NULL_CONVERSION = YES;
				CLANG_WARN_OBJC_IMPLICIT_RETAIN_SELF = YES;
				CLANG_WARN_OBJC_LITERAL_CONVERSION = YES;
				CLANG_WARN_OBJC_ROOT_CLASS = YES_ERROR;
				CLANG_WARN_QUOTED_INCLUDE_IN_FRAMEWORK_HEADER = YES;
				CLANG_WARN_RANGE_LOOP_ANALYSIS = YES;
				CLANG_WARN_STRICT_PROTOTYPES = YES;
				CLANG_WARN_SUSPICIOUS_MOVE = YES;
				CLANG_WARN_UNGUARDED_AVAILABILITY = YES_AGGRESSIVE;
				CLANG_WARN_UNREACHABLE_CODE = YES;
				CLANG_WARN__DUPLICATE_METHOD_MATCH = YES;
				COPY_PHASE_STRIP = NO;
				DEBUG_INFORMATION_FORMAT = "dwarf-with-dsym";
				ENABLE_NS_ASSERTIONS = NO;
				ENABLE_STRICT_OBJC_MSGSEND = YES;
				ENABLE_USER_SCRIPT_SANDBOXING = YES;
				GCC_C_LANGUAGE_STANDARD = gnu17;
				GCC_NO_COMMON_BLOCKS = YES;
				GCC_WARN_64_TO_32_BIT_CONVERSION = YES;
				GCC_WARN_ABOUT_RETURN_TYPE = YES_ERROR;
				GCC_WARN_UNDECLARED_SELECTOR = YES;
				GCC_WARN_UNINITIALIZED_AUTOS = YES_AGGRESSIVE;
				GCC_WARN_UNUSED_FUNCTION = YES;
				GCC_WARN_UNUSED_VARIABLE = YES;
				IPHONEOS_DEPLOYMENT_TARGET = 18.2;
				LOCALIZATION_PREFERS_STRING_CATALOGS = YES;
				MTL_ENABLE_DEBUG_INFO = NO;
				MTL_FAST_MATH = YES;
				SDKROOT = iphoneos;
				SWIFT_COMPILATION_MODE = wholemodule;
				VALIDATE_PRODUCT = YES;
			};
			name = Release;
		};
		B085EAF42D74F89800FB3379 /* Debug */ = {
			isa = XCBuildConfiguration;
			buildSettings = {
				ASSETCATALOG_COMPILER_APPICON_NAME = AppIcon;
				ASSETCATALOG_COMPILER_GLOBAL_ACCENT_COLOR_NAME = AccentColor;
				CODE_SIGN_STYLE = Automatic;
				CURRENT_PROJECT_VERSION = 1;
				DEVELOPMENT_ASSET_PATHS = "\"ItsFine/Preview Content\"";
				DEVELOPMENT_TEAM = U3FNBSFU75;
				ENABLE_PREVIEWS = YES;
				GENERATE_INFOPLIST_FILE = YES;
				INFOPLIST_KEY_UIApplicationSceneManifest_Generation = YES;
				INFOPLIST_KEY_UIApplicationSupportsIndirectInputEvents = YES;
				INFOPLIST_KEY_UILaunchScreen_Generation = YES;
				INFOPLIST_KEY_UISupportedInterfaceOrientations_iPad = "UIInterfaceOrientationPortrait UIInterfaceOrientationPortraitUpsideDown UIInterfaceOrientationLandscapeLeft UIInterfaceOrientationLandscapeRight";
				INFOPLIST_KEY_UISupportedInterfaceOrientations_iPhone = "UIInterfaceOrientationPortrait UIInterfaceOrientationLandscapeLeft UIInterfaceOrientationLandscapeRight";
				LD_RUNPATH_SEARCH_PATHS = (
					"$(inherited)",
					"@executable_path/Frameworks",
				);
				MARKETING_VERSION = 1.0;
				PRODUCT_BUNDLE_IDENTIFIER = com.saygoodnight.ItsFine;
				PRODUCT_NAME = "$(TARGET_NAME)";
				SWIFT_EMIT_LOC_STRINGS = YES;
				SWIFT_VERSION = 5.0;
				TARGETED_DEVICE_FAMILY = "1,2";
			};
			name = Debug;
		};
		B085EAF52D74F89800FB3379 /* Release */ = {
			isa = XCBuildConfiguration;
			buildSettings = {
				ASSETCATALOG_COMPILER_APPICON_NAME = AppIcon;
				ASSETCATALOG_COMPILER_GLOBAL_ACCENT_COLOR_NAME = AccentColor;
				CODE_SIGN_STYLE = Automatic;
				CURRENT_PROJECT_VERSION = 1;
				DEVELOPMENT_ASSET_PATHS = "\"ItsFine/Preview Content\"";
				DEVELOPMENT_TEAM = U3FNBSFU75;
				ENABLE_PREVIEWS = YES;
				GENERATE_INFOPLIST_FILE = YES;
				INFOPLIST_KEY_UIApplicationSceneManifest_Generation = YES;
				INFOPLIST_KEY_UIApplicationSupportsIndirectInputEvents = YES;
				INFOPLIST_KEY_UILaunchScreen_Generation = YES;
				INFOPLIST_KEY_UISupportedInterfaceOrientations_iPad = "UIInterfaceOrientationPortrait UIInterfaceOrientationPortraitUpsideDown UIInterfaceOrientationLandscapeLeft UIInterfaceOrientationLandscapeRight";
				INFOPLIST_KEY_UISupportedInterfaceOrientations_iPhone = "UIInterfaceOrientationPortrait UIInterfaceOrientationLandscapeLeft UIInterfaceOrientationLandscapeRight";
				LD_RUNPATH_SEARCH_PATHS = (
					"$(inherited)",
					"@executable_path/Frameworks",
				);
				MARKETING_VERSION = 1.0;
				PRODUCT_BUNDLE_IDENTIFIER = com.saygoodnight.ItsFine;
				PRODUCT_NAME = "$(TARGET_NAME)";
				SWIFT_EMIT_LOC_STRINGS = YES;
				SWIFT_VERSION = 5.0;
				TARGETED_DEVICE_FAMILY = "1,2";
			};
			name = Release;
		};
		B085EAF72D74F89800FB3379 /* Debug */ = {
			isa = XCBuildConfiguration;
			buildSettings = {
				BUNDLE_LOADER = "$(TEST_HOST)";
				CODE_SIGN_STYLE = Automatic;
				CURRENT_PROJECT_VERSION = 1;
				DEVELOPMENT_TEAM = U3FNBSFU75;
				GENERATE_INFOPLIST_FILE = YES;
				IPHONEOS_DEPLOYMENT_TARGET = 18.2;
				MARKETING_VERSION = 1.0;
				PRODUCT_BUNDLE_IDENTIFIER = com.saygoodnight.ItsFineTests;
				PRODUCT_NAME = "$(TARGET_NAME)";
				SWIFT_EMIT_LOC_STRINGS = NO;
				SWIFT_VERSION = 5.0;
				TARGETED_DEVICE_FAMILY = "1,2";
				TEST_HOST = "$(BUILT_PRODUCTS_DIR)/ItsFine.app/$(BUNDLE_EXECUTABLE_FOLDER_PATH)/ItsFine";
			};
			name = Debug;
		};
		B085EAF82D74F89800FB3379 /* Release */ = {
			isa = XCBuildConfiguration;
			buildSettings = {
				BUNDLE_LOADER = "$(TEST_HOST)";
				CODE_SIGN_STYLE = Automatic;
				CURRENT_PROJECT_VERSION = 1;
				DEVELOPMENT_TEAM = U3FNBSFU75;
				GENERATE_INFOPLIST_FILE = YES;
				IPHONEOS_DEPLOYMENT_TARGET = 18.2;
				MARKETING_VERSION = 1.0;
				PRODUCT_BUNDLE_IDENTIFIER = com.saygoodnight.ItsFineTests;
				PRODUCT_NAME = "$(TARGET_NAME)";
				SWIFT_EMIT_LOC_STRINGS = NO;
				SWIFT_VERSION = 5.0;
				TARGETED_DEVICE_FAMILY = "1,2";
				TEST_HOST = "$(BUILT_PRODUCTS_DIR)/ItsFine.app/$(BUNDLE_EXECUTABLE_FOLDER_PATH)/ItsFine";
			};
			name = Release;
		};
		B085EAFA2D74F89800FB3379 /* Debug */ = {
			isa = XCBuildConfiguration;
			buildSettings = {
				CODE_SIGN_STYLE = Automatic;
				CURRENT_PROJECT_VERSION = 1;
				DEVELOPMENT_TEAM = U3FNBSFU75;
				GENERATE_INFOPLIST_FILE = YES;
				MARKETING_VERSION = 1.0;
				PRODUCT_BUNDLE_IDENTIFIER = com.saygoodnight.ItsFineUITests;
				PRODUCT_NAME = "$(TARGET_NAME)";
				SWIFT_EMIT_LOC_STRINGS = NO;
				SWIFT_VERSION = 5.0;
				TARGETED_DEVICE_FAMILY = "1,2";
				TEST_TARGET_NAME = ItsFine;
			};
			name = Debug;
		};
		B085EAFB2D74F89800FB3379 /* Release */ = {
			isa = XCBuildConfiguration;
			buildSettings = {
				CODE_SIGN_STYLE = Automatic;
				CURRENT_PROJECT_VERSION = 1;
				DEVELOPMENT_TEAM = U3FNBSFU75;
				GENERATE_INFOPLIST_FILE = YES;
				MARKETING_VERSION = 1.0;
				PRODUCT_BUNDLE_IDENTIFIER = com.saygoodnight.ItsFineUITests;
				PRODUCT_NAME = "$(TARGET_NAME)";
				SWIFT_EMIT_LOC_STRINGS = NO;
				SWIFT_VERSION = 5.0;
				TARGETED_DEVICE_FAMILY = "1,2";
				TEST_TARGET_NAME = ItsFine;
			};
			name = Release;
		};
/* End XCBuildConfiguration section */

/* Begin XCConfigurationList section */
		B085EACA2D74F89700FB3379 /* Build configuration list for PBXProject "ItsFine" */ = {
			isa = XCConfigurationList;
			buildConfigurations = (
				B085EAF12D74F89800FB3379 /* Debug */,
				B085EAF22D74F89800FB3379 /* Release */,
			);
			defaultConfigurationIsVisible = 0;
			defaultConfigurationName = Release;
		};
		B085EAF32D74F89800FB3379 /* Build configuration list for PBXNativeTarget "ItsFine" */ = {
			isa = XCConfigurationList;
			buildConfigurations = (
				B085EAF42D74F89800FB3379 /* Debug */,
				B085EAF52D74F89800FB3379 /* Release */,
			);
			defaultConfigurationIsVisible = 0;
			defaultConfigurationName = Release;
		};
		B085EAF62D74F89800FB3379 /* Build configuration list for PBXNativeTarget "ItsFineTests" */ = {
			isa = XCConfigurationList;
			buildConfigurations = (
				B085EAF72D74F89800FB3379 /* Debug */,
				B085EAF82D74F89800FB3379 /* Release */,
			);
			defaultConfigurationIsVisible = 0;
			defaultConfigurationName = Release;
		};
		B085EAF92D74F89800FB3379 /* Build configuration list for PBXNativeTarget "ItsFineUITests" */ = {
			isa = XCConfigurationList;
			buildConfigurations = (
				B085EAFA2D74F89800FB3379 /* Debug */,
				B085EAFB2D74F89800FB3379 /* Release */,
			);
			defaultConfigurationIsVisible = 0;
			defaultConfigurationName = Release;
		};
/* End XCConfigurationList section */
	};
	rootObject = B085EAC72D74F89700FB3379 /* Project object */;
}
